# THIS IS AN AUTOGENERATED FILE. DO NOT EDIT THIS FILE DIRECTLY.
# yarn lockfile v1


n@^9.0.1:
  version "9.0.1"
  resolved "https://registry.yarnpkg.com/n/-/n-9.0.1.tgz#bd6cac69015ffec722f1aa867a59875f400d6ec0"
  integrity sha512-SsKwY5iFdKd3xpsT4ISFmRLnCVcx+eNMc2NIlxMQL+w6zKK4hjaMvSZf8V+Fq2ipVCuuLD2fhVJSA6cszfJq9g==
